
Microsoft Visual Studio Solution File, Format Version 12.00
# Visual Studio Version 17
VisualStudioVersion = 17.6.33801.468
MinimumVisualStudioVersion = 10.0.40219.1
Project("{F184B08F-C81C-45F6-A57F-5ABD9991F28F}") = "Prog12eDiogoDias", "Prog12eDiogoDias\Prog12eDiogoDias.vbproj", "{40884B32-1CD9-4FCA-AA13-031AD7F377AB}"
EndProject
Global
	GlobalSection(SolutionConfigurationPlatforms) = preSolution
		Debug|Any CPU = Debug|Any CPU
		Release|Any CPU = Release|Any CPU
	EndGlobalSection
	GlobalSection(ProjectConfigurationPlatforms) = postSolution
		{40884B32-1CD9-4FCA-AA13-031AD7F377AB}.Debug|Any CPU.ActiveCfg = Debug|Any CPU
		{40884B32-1CD9-4FCA-AA13-031AD7F377AB}.Debug|Any CPU.Build.0 = Debug|Any CPU
		{40884B32-1CD9-4FCA-AA13-031AD7F377AB}.Release|Any CPU.ActiveCfg = Release|Any CPU
		{40884B32-1CD9-4FCA-AA13-031AD7F377AB}.Release|Any CPU.Build.0 = Release|Any CPU
	EndGlobalSection
	GlobalSection(SolutionProperties) = preSolution
		HideSolutionNode = FALSE
	EndGlobalSection
	GlobalSection(ExtensibilityGlobals) = postSolution
		SolutionGuid = {A0B76025-1D40-4C3F-9068-DD21B0D4704B}
	EndGlobalSection
EndGlobal
