
Microsoft Visual Studio Solution File, Format Version 12.00
# Visual Studio Version 17
VisualStudioVersion = 17.6.33801.468
MinimumVisualStudioVersion = 10.0.40219.1
Project("{F184B08F-C81C-45F6-A57F-5ABD9991F28F}") = "Prog14DiogoDias", "Prog14DiogoDias\Prog14DiogoDias.vbproj", "{3F70EE86-98B2-42AC-B709-C82A79F54A0D}"
EndProject
Global
	GlobalSection(SolutionConfigurationPlatforms) = preSolution
		Debug|Any CPU = Debug|Any CPU
		Release|Any CPU = Release|Any CPU
	EndGlobalSection
	GlobalSection(ProjectConfigurationPlatforms) = postSolution
		{3F70EE86-98B2-42AC-B709-C82A79F54A0D}.Debug|Any CPU.ActiveCfg = Debug|Any CPU
		{3F70EE86-98B2-42AC-B709-C82A79F54A0D}.Debug|Any CPU.Build.0 = Debug|Any CPU
		{3F70EE86-98B2-42AC-B709-C82A79F54A0D}.Release|Any CPU.ActiveCfg = Release|Any CPU
		{3F70EE86-98B2-42AC-B709-C82A79F54A0D}.Release|Any CPU.Build.0 = Release|Any CPU
	EndGlobalSection
	GlobalSection(SolutionProperties) = preSolution
		HideSolutionNode = FALSE
	EndGlobalSection
	GlobalSection(ExtensibilityGlobals) = postSolution
		SolutionGuid = {BEE26F60-9B4B-497B-A86F-404C5B6458B5}
	EndGlobalSection
EndGlobal
