
Microsoft Visual Studio Solution File, Format Version 12.00
# Visual Studio Version 17
VisualStudioVersion = 17.6.33815.320
MinimumVisualStudioVersion = 10.0.40219.1
Project("{F184B08F-C81C-45F6-A57F-5ABD9991F28F}") = "Pro12bDiogoDias", "Pro12bDiogoDias.vbproj", "{A8424807-0C8A-47BC-8E32-7D5F54EB2DE5}"
EndProject
Global
	GlobalSection(SolutionConfigurationPlatforms) = preSolution
		Debug|Any CPU = Debug|Any CPU
		Release|Any CPU = Release|Any CPU
	EndGlobalSection
	GlobalSection(ProjectConfigurationPlatforms) = postSolution
		{A8424807-0C8A-47BC-8E32-7D5F54EB2DE5}.Debug|Any CPU.ActiveCfg = Debug|Any CPU
		{A8424807-0C8A-47BC-8E32-7D5F54EB2DE5}.Debug|Any CPU.Build.0 = Debug|Any CPU
		{A8424807-0C8A-47BC-8E32-7D5F54EB2DE5}.Release|Any CPU.ActiveCfg = Release|Any CPU
		{A8424807-0C8A-47BC-8E32-7D5F54EB2DE5}.Release|Any CPU.Build.0 = Release|Any CPU
	EndGlobalSection
	GlobalSection(SolutionProperties) = preSolution
		HideSolutionNode = FALSE
	EndGlobalSection
	GlobalSection(ExtensibilityGlobals) = postSolution
		SolutionGuid = {2F268B0F-AEE4-4F01-8F37-DD1E5E3042F8}
	EndGlobalSection
EndGlobal
